
Microsoft Visual Studio Solution File, Format Version 12.00
# Visual Studio 15
VisualStudioVersion = 15.0.28307.539
MinimumVisualStudioVersion = 10.0.40219.1
Project("{FAE04EC0-301F-11D3-BF4B-00C04F79EFBC}") = "BellmanFord", "BellmanFord\BellmanFord.csproj", "{9479A926-3AB9-418F-9050-894A591530CB}"
EndProject
Global
	GlobalSection(SolutionConfigurationPlatforms) = preSolution
		Debug|Any CPU = Debug|Any CPU
		Release|Any CPU = Release|Any CPU
	EndGlobalSection
	GlobalSection(ProjectConfigurationPlatforms) = postSolution
		{9479A926-3AB9-418F-9050-894A591530CB}.Debug|Any CPU.ActiveCfg = Debug|Any CPU
		{9479A926-3AB9-418F-9050-894A591530CB}.Debug|Any CPU.Build.0 = Debug|Any CPU
		{9479A926-3AB9-418F-9050-894A591530CB}.Release|Any CPU.ActiveCfg = Release|Any CPU
		{9479A926-3AB9-418F-9050-894A591530CB}.Release|Any CPU.Build.0 = Release|Any CPU
	EndGlobalSection
	GlobalSection(SolutionProperties) = preSolution
		HideSolutionNode = FALSE
	EndGlobalSection
	GlobalSection(ExtensibilityGlobals) = postSolution
		SolutionGuid = {FD0A034A-5C99-4374-9DE4-A26D5B63565C}
	EndGlobalSection
EndGlobal
